
Microsoft Visual Studio Solution File, Format Version 12.00
# Visual Studio 15
VisualStudioVersion = 15.0.28307.136
MinimumVisualStudioVersion = 10.0.40219.1
Project("{8BC9CEB8-8B4A-11D0-8D11-00A0C91BC942}") = "stack", "stack\stack.vcxproj", "{600153A7-19ED-446C-A2BE-4C9D9BEBF33B}"
EndProject
Global
	GlobalSection(SolutionConfigurationPlatforms) = preSolution
		Debug|x64 = Debug|x64
		Debug|x86 = Debug|x86
		Release|x64 = Release|x64
		Release|x86 = Release|x86
	EndGlobalSection
	GlobalSection(ProjectConfigurationPlatforms) = postSolution
		{600153A7-19ED-446C-A2BE-4C9D9BEBF33B}.Debug|x64.ActiveCfg = Debug|x64
		{600153A7-19ED-446C-A2BE-4C9D9BEBF33B}.Debug|x64.Build.0 = Debug|x64
		{600153A7-19ED-446C-A2BE-4C9D9BEBF33B}.Debug|x86.ActiveCfg = Debug|Win32
		{600153A7-19ED-446C-A2BE-4C9D9BEBF33B}.Debug|x86.Build.0 = Debug|Win32
		{600153A7-19ED-446C-A2BE-4C9D9BEBF33B}.Release|x64.ActiveCfg = Release|x64
		{600153A7-19ED-446C-A2BE-4C9D9BEBF33B}.Release|x64.Build.0 = Release|x64
		{600153A7-19ED-446C-A2BE-4C9D9BEBF33B}.Release|x86.ActiveCfg = Release|Win32
		{600153A7-19ED-446C-A2BE-4C9D9BEBF33B}.Release|x86.Build.0 = Release|Win32
	EndGlobalSection
	GlobalSection(SolutionProperties) = preSolution
		HideSolutionNode = FALSE
	EndGlobalSection
	GlobalSection(ExtensibilityGlobals) = postSolution
		SolutionGuid = {BD65E481-5446-4BD1-9867-FD3305D6709B}
	EndGlobalSection
EndGlobal
